
Microsoft Visual Studio Solution File, Format Version 12.00
# Visual Studio Version 16
VisualStudioVersion = 25.0.1706.12
MinimumVisualStudioVersion = 10.0.40219.1
Project("{FAE04EC0-301F-11D3-BF4B-00C04F79EFBC}") = "Validator", "Validator\Validator.csproj", "{45E8DC92-2584-4E87-A02E-6CE89E0A0319}"
EndProject
Project("{FAE04EC0-301F-11D3-BF4B-00C04F79EFBC}") = "PhoneNumberValidationApp", "PhoneNumberValidationApp\PhoneNumberValidationApp.csproj", "{77E1F9EE-5B9E-4DC8-936F-0590FB97F8EA}"
EndProject
Project("{FAE04EC0-301F-11D3-BF4B-00C04F79EFBC}") = "ValidatorExceptions", "ValidatorExceptions\ValidatorExceptions.csproj", "{4A98D074-111C-46EC-9A24-80551523AE94}"
EndProject
Project("{FAE04EC0-301F-11D3-BF4B-00C04F79EFBC}") = "Validator.Tests", "Validator.Tests\Validator.Tests.csproj", "{E45C352D-CFF8-4F35-B622-E72C695F9D95}"
EndProject
Global
	GlobalSection(SolutionConfigurationPlatforms) = preSolution
		Debug|Any CPU = Debug|Any CPU
		Release|Any CPU = Release|Any CPU
	EndGlobalSection
	GlobalSection(ProjectConfigurationPlatforms) = postSolution
		{45E8DC92-2584-4E87-A02E-6CE89E0A0319}.Debug|Any CPU.ActiveCfg = Debug|Any CPU
		{45E8DC92-2584-4E87-A02E-6CE89E0A0319}.Debug|Any CPU.Build.0 = Debug|Any CPU
		{45E8DC92-2584-4E87-A02E-6CE89E0A0319}.Release|Any CPU.ActiveCfg = Release|Any CPU
		{45E8DC92-2584-4E87-A02E-6CE89E0A0319}.Release|Any CPU.Build.0 = Release|Any CPU
		{77E1F9EE-5B9E-4DC8-936F-0590FB97F8EA}.Debug|Any CPU.ActiveCfg = Debug|Any CPU
		{77E1F9EE-5B9E-4DC8-936F-0590FB97F8EA}.Debug|Any CPU.Build.0 = Debug|Any CPU
		{77E1F9EE-5B9E-4DC8-936F-0590FB97F8EA}.Release|Any CPU.ActiveCfg = Release|Any CPU
		{77E1F9EE-5B9E-4DC8-936F-0590FB97F8EA}.Release|Any CPU.Build.0 = Release|Any CPU
		{4A98D074-111C-46EC-9A24-80551523AE94}.Debug|Any CPU.ActiveCfg = Debug|Any CPU
		{4A98D074-111C-46EC-9A24-80551523AE94}.Debug|Any CPU.Build.0 = Debug|Any CPU
		{4A98D074-111C-46EC-9A24-80551523AE94}.Release|Any CPU.ActiveCfg = Release|Any CPU
		{4A98D074-111C-46EC-9A24-80551523AE94}.Release|Any CPU.Build.0 = Release|Any CPU
		{E45C352D-CFF8-4F35-B622-E72C695F9D95}.Debug|Any CPU.ActiveCfg = Debug|Any CPU
		{E45C352D-CFF8-4F35-B622-E72C695F9D95}.Debug|Any CPU.Build.0 = Debug|Any CPU
		{E45C352D-CFF8-4F35-B622-E72C695F9D95}.Release|Any CPU.ActiveCfg = Release|Any CPU
		{E45C352D-CFF8-4F35-B622-E72C695F9D95}.Release|Any CPU.Build.0 = Release|Any CPU
	EndGlobalSection
	GlobalSection(SolutionProperties) = preSolution
		HideSolutionNode = FALSE
	EndGlobalSection
	GlobalSection(ExtensibilityGlobals) = postSolution
		SolutionGuid = {207EA925-633B-4978-BF94-EC4AA89C6CC7}
	EndGlobalSection
EndGlobal
